{
  "name": "myapp",
  "version": "0.1.0",
  "lockfileVersion": 1,
  "dependencies": {
    "add-dom-event-listener": {
      "version": "1.0.2",
      "resolved": "https://registry.npmjs.org/add-dom-event-listener/-/add-dom-event-listener-1.0.2.tgz",
      "integrity": "sha1-j67SxBAIchzxEdodMNmVuFvkK+0="
    },
    "antd-mobile": {
      "version": "1.4.0",
      "resolved": "https://registry.npmjs.org/antd-mobile/-/antd-mobile-1.4.0.tgz",
      "integrity": "sha1-WUOh7bU3A9qKIx+2h4HOnW3JTmE="
    },
    "array-tree-filter": {
      "version": "1.0.1",
      "resolved": "https://registry.npmjs.org/array-tree-filter/-/array-tree-filter-1.0.1.tgz",
      "integrity": "sha1-CorR7v04zoiFhjL5zAQj12NOTV0="
    },
    "asap": {
      "version": "2.0.5",
      "resolved": "https://registry.npmjs.org/asap/-/asap-2.0.5.tgz",
      "integrity": "sha1-UidltQw1EEkOUtfc/ghe+bqWlY8="
    },
    "autobind-decorator": {
      "version": "1.4.3",
      "resolved": "https://registry.npmjs.org/autobind-decorator/-/autobind-decorator-1.4.3.tgz",
      "integrity": "sha1-TJb/p3sQYi7eJPEQ9du/VmkUF9E="
    },
    "babel-runtime": {
      "version": "6.23.0",
      "resolved": "https://registry.npmjs.org/babel-runtime/-/babel-runtime-6.23.0.tgz",
      "integrity": "sha1-CpSJ8UTecO+zzkMArM2zKeL8VDs="
    },
    "classnames": {
      "version": "2.2.5",
      "resolved": "https://registry.npmjs.org/classnames/-/classnames-2.2.5.tgz",
      "integrity": "sha1-+zgB1FNGdknvNgPH1hoCvRKb3m0="
    },
    "component-classes": {
      "version": "1.2.6",
      "resolved": "https://registry.npmjs.org/component-classes/-/component-classes-1.2.6.tgz",
      "integrity": "sha1-xkI5TDYYpNiwuJGe/Mu9kw5c1pE="
    },
    "component-indexof": {
      "version": "0.0.3",
      "resolved": "https://registry.npmjs.org/component-indexof/-/component-indexof-0.0.3.tgz",
      "integrity": "sha1-EdCRMSI5648yyPJa6csAL/6NPCQ="
    },
    "core-js": {
      "version": "2.4.1",
      "resolved": "https://registry.npmjs.org/core-js/-/core-js-2.4.1.tgz",
      "integrity": "sha1-TekR5mew6ukSTjQlS1OupvxhjT4="
    },
    "create-react-class": {
      "version": "15.6.0",
      "resolved": "https://registry.npmjs.org/create-react-class/-/create-react-class-15.6.0.tgz",
      "integrity": "sha1-q0SEl8JlZuHilBPogyB9V8/nvtQ="
    },
    "css-animation": {
      "version": "1.3.2",
      "resolved": "https://registry.npmjs.org/css-animation/-/css-animation-1.3.2.tgz",
      "integrity": "sha1-31FYIO9ZA3M60tsJmUA7MDe4uIA="
    },
    "deep-equal": {
      "version": "1.0.1",
      "resolved": "https://registry.npmjs.org/deep-equal/-/deep-equal-1.0.1.tgz",
      "integrity": "sha1-9dJgKStmDghO/0zbyfCK0yR0SLU="
    },
    "dom-align": {
      "version": "1.6.2",
      "resolved": "https://registry.npmjs.org/dom-align/-/dom-align-1.6.2.tgz",
      "integrity": "sha512-xCyF9pFKqoSClFUb7ATZbSHGAi70fNFGZ1k9ijLmFo2jM22ef4AKEVGvETzGFMQRVZT8vqJSmQEG108uabKlMA=="
    },
    "encoding": {
      "version": "0.1.12",
      "resolved": "https://registry.npmjs.org/encoding/-/encoding-0.1.12.tgz",
      "integrity": "sha1-U4tm8+5izRq1HsMjgp0flIDHS+s="
    },
    "exenv": {
      "version": "1.2.2",
      "resolved": "https://registry.npmjs.org/exenv/-/exenv-1.2.2.tgz",
      "integrity": "sha1-KueOhdmJQVhnCwPUe+wfA72Ru50="
    },
    "fbjs": {
      "version": "0.8.12",
      "resolved": "https://registry.npmjs.org/fbjs/-/fbjs-0.8.12.tgz",
      "integrity": "sha1-ELXZL3bUVXX9Y6IX1OoCvqL47QQ=",
      "dependencies": {
        "core-js": {
          "version": "1.2.7",
          "resolved": "https://registry.npmjs.org/core-js/-/core-js-1.2.7.tgz",
          "integrity": "sha1-ZSKUwUZR2yj6k70tX/KYOk8IxjY="
        },
        "promise": {
          "version": "7.3.1",
          "resolved": "https://registry.npmjs.org/promise/-/promise-7.3.1.tgz",
          "integrity": "sha512-nolQXZ/4L+bP/UGlkfaIujX9BKxGwmQ9OT4mOt5yvy8iK1h3wqTEJCijzGANTCCl9nWjY41juyAn2K3Q1hLLTg=="
        }
      }
    },
    "for-in": {
      "version": "1.0.2",
      "resolved": "https://registry.npmjs.org/for-in/-/for-in-1.0.2.tgz",
      "integrity": "sha1-gQaNKVqBQuwKxybG4iAMMPttXoA="
    },
    "for-own": {
      "version": "0.1.5",
      "resolved": "https://registry.npmjs.org/for-own/-/for-own-0.1.5.tgz",
      "integrity": "sha1-UmXGgaTylNq78XyVCbZ2OqhFEM4="
    },
    "hammerjs": {
      "version": "2.0.8",
      "resolved": "https://registry.npmjs.org/hammerjs/-/hammerjs-2.0.8.tgz",
      "integrity": "sha1-BO93hiz/K7edMPdpIJWTAiK/YPE="
    },
    "history": {
      "version": "2.1.2",
      "resolved": "https://registry.npmjs.org/history/-/history-2.1.2.tgz",
      "integrity": "sha1-SqLeiXoOSGfkU5hDvm7Nsphr/ew=",
      "dependencies": {
        "warning": {
          "version": "2.1.0",
          "resolved": "https://registry.npmjs.org/warning/-/warning-2.1.0.tgz",
          "integrity": "sha1-ISINnGOvx3qMkhEeARr3Bc4MaQE="
        }
      }
    },
    "hoist-non-react-statics": {
      "version": "1.2.0",
      "resolved": "https://registry.npmjs.org/hoist-non-react-statics/-/hoist-non-react-statics-1.2.0.tgz",
      "integrity": "sha1-qkSM8JhtVcxAdzsXF0t90GbLfPs="
    },
    "iconv-lite": {
      "version": "0.4.18",
      "resolved": "https://registry.npmjs.org/iconv-lite/-/iconv-lite-0.4.18.tgz",
      "integrity": "sha512-sr1ZQph3UwHTR0XftSbK85OvBbxe/abLGzEnPENCQwmHf7sck8Oyu4ob3LgBxWWxRoM+QszeUyl7jbqapu2TqA=="
    },
    "invariant": {
      "version": "2.2.2",
      "resolved": "https://registry.npmjs.org/invariant/-/invariant-2.2.2.tgz",
      "integrity": "sha1-nh9WrArNtr8wMwbzOL47IErmA2A="
    },
    "is-extendable": {
      "version": "0.1.1",
      "resolved": "https://registry.npmjs.org/is-extendable/-/is-extendable-0.1.1.tgz",
      "integrity": "sha1-YrEQ4omkcUGOPsNqYX1HLjAd/Ik="
    },
    "is-stream": {
      "version": "1.1.0",
      "resolved": "https://registry.npmjs.org/is-stream/-/is-stream-1.1.0.tgz",
      "integrity": "sha1-EtSj3U5o4Lec6428hBc66A2RykQ="
    },
    "isomorphic-fetch": {
      "version": "2.2.1",
      "resolved": "https://registry.npmjs.org/isomorphic-fetch/-/isomorphic-fetch-2.2.1.tgz",
      "integrity": "sha1-YRrhrPFPXoH3KVB0coGf6XM1WKk="
    },
    "js-tokens": {
      "version": "3.0.1",
      "resolved": "https://registry.npmjs.org/js-tokens/-/js-tokens-3.0.1.tgz",
      "integrity": "sha1-COnxMkhKLEWjCQfp3E1VZ7fxFNc="
    },
    "kw-react-tween-state": {
      "version": "0.1.5",
      "resolved": "https://registry.npmjs.org/kw-react-tween-state/-/kw-react-tween-state-0.1.5.tgz",
      "integrity": "sha1-dECImI018UzMLKNq+WvAns56t4s="
    },
    "lodash": {
      "version": "4.17.4",
      "resolved": "https://registry.npmjs.org/lodash/-/lodash-4.17.4.tgz",
      "integrity": "sha1-eCA6TRwyiuHYbcpkYONptX9AVa4="
    },
    "lodash-es": {
      "version": "4.17.4",
      "resolved": "https://registry.npmjs.org/lodash-es/-/lodash-es-4.17.4.tgz",
      "integrity": "sha1-3MHXVS4VCgZABzupyzHXDwMpUOc="
    },
    "lodash._getnative": {
      "version": "3.9.1",
      "resolved": "https://registry.npmjs.org/lodash._getnative/-/lodash._getnative-3.9.1.tgz",
      "integrity": "sha1-VwvH3t5G1hzc3mh9ZdPuy6o6r/U="
    },
    "lodash.debounce": {
      "version": "4.0.8",
      "resolved": "https://registry.npmjs.org/lodash.debounce/-/lodash.debounce-4.0.8.tgz",
      "integrity": "sha1-gteb/zCmfEAF/9XiUVMArZyk168="
    },
    "lodash.get": {
      "version": "4.4.2",
      "resolved": "https://registry.npmjs.org/lodash.get/-/lodash.get-4.4.2.tgz",
      "integrity": "sha1-LRd/ZS+jHpObRDjVNBSZ36OCXpk="
    },
    "lodash.isarguments": {
      "version": "3.1.0",
      "resolved": "https://registry.npmjs.org/lodash.isarguments/-/lodash.isarguments-3.1.0.tgz",
      "integrity": "sha1-L1c9hcaiQon/AGY7SRwdM4/zRYo="
    },
    "lodash.isarray": {
      "version": "3.0.4",
      "resolved": "https://registry.npmjs.org/lodash.isarray/-/lodash.isarray-3.0.4.tgz",
      "integrity": "sha1-eeTriMNqgSKvhvhEqpvNhRtfu1U="
    },
    "lodash.keys": {
      "version": "3.1.2",
      "resolved": "https://registry.npmjs.org/lodash.keys/-/lodash.keys-3.1.2.tgz",
      "integrity": "sha1-TbwEcrFWvlCgsoaFXRvQsMZWCYo="
    },
    "loose-envify": {
      "version": "1.3.1",
      "resolved": "https://registry.npmjs.org/loose-envify/-/loose-envify-1.3.1.tgz",
      "integrity": "sha1-0aitM/qc4OcT1l/dCsi3SNR4yEg="
    },
    "moment": {
      "version": "2.18.1",
      "resolved": "https://registry.npmjs.org/moment/-/moment-2.18.1.tgz",
      "integrity": "sha1-w2GT3Tzhwu7SrbfIAtu8d6gbHA8="
    },
    "node-fetch": {
      "version": "1.7.1",
      "resolved": "https://registry.npmjs.org/node-fetch/-/node-fetch-1.7.1.tgz",
      "integrity": "sha512-j8XsFGCLw79vWXkZtMSmmLaOk9z5SQ9bV/tkbZVCqvgwzrjAGq66igobLofHtF63NvMTp2WjytpsNTGKa+XRIQ=="
    },
    "normalize.css": {
      "version": "7.0.0",
      "resolved": "https://registry.npmjs.org/normalize.css/-/normalize.css-7.0.0.tgz",
      "integrity": "sha1-q/sd2CRwZ04DIrU86xqvQSk45L8="
    },
    "object-assign": {
      "version": "4.1.1",
      "resolved": "https://registry.npmjs.org/object-assign/-/object-assign-4.1.1.tgz",
      "integrity": "sha1-IQmtx5ZYh8/AXLvUQsrIv7s2CGM="
    },
    "object.omit": {
      "version": "2.0.1",
      "resolved": "https://registry.npmjs.org/object.omit/-/object.omit-2.0.1.tgz",
      "integrity": "sha1-Gpx0SCnznbuFjHbKNXmuKlTr0fo="
    },
    "omit.js": {
      "version": "0.1.0",
      "resolved": "https://registry.npmjs.org/omit.js/-/omit.js-0.1.0.tgz",
      "integrity": "sha1-l4aiGm1sMW+jW7FOcQHu7iHFIEQ="
    },
    "performance-now": {
      "version": "2.1.0",
      "resolved": "https://registry.npmjs.org/performance-now/-/performance-now-2.1.0.tgz",
      "integrity": "sha1-Ywn04OX6kT7BxpMHrjZLSzd8nns="
    },
    "prop-types": {
      "version": "15.5.10",
      "resolved": "https://registry.npmjs.org/prop-types/-/prop-types-15.5.10.tgz",
      "integrity": "sha1-J5ffwxJhguOpXj37suiT3ddFYVQ="
    },
    "query-string": {
      "version": "3.0.3",
      "resolved": "https://registry.npmjs.org/query-string/-/query-string-3.0.3.tgz",
      "integrity": "sha1-ri4UtNBQcdTpuetIc8NbDc1C5jg="
    },
    "raf": {
      "version": "3.3.2",
      "resolved": "https://registry.npmjs.org/raf/-/raf-3.3.2.tgz",
      "integrity": "sha1-DBO+C1tJtG921maSSNUnzysC/ic="
    },
    "rc-align": {
      "version": "2.3.4",
      "resolved": "https://registry.npmjs.org/rc-align/-/rc-align-2.3.4.tgz",
      "integrity": "sha1-2Dvat1YPAULnKj3h1JXatroiUkk="
    },
    "rc-animate": {
      "version": "2.4.0",
      "resolved": "https://registry.npmjs.org/rc-animate/-/rc-animate-2.4.0.tgz",
      "integrity": "sha1-pRtH2t+K2a8Izd+1sCF7+oGu6AM="
    },
    "rc-checkbox": {
      "version": "2.0.3",
      "resolved": "https://registry.npmjs.org/rc-checkbox/-/rc-checkbox-2.0.3.tgz",
      "integrity": "sha1-Q2qdUIlI4iSYDwU16nOLSBd6jyU="
    },
    "rc-collapse": {
      "version": "1.7.6",
      "resolved": "https://registry.npmjs.org/rc-collapse/-/rc-collapse-1.7.6.tgz",
      "integrity": "sha512-REqPFBh2N+/skEhk+pfO8phneRZCYCSR1YGAqQUJBrauZvfwaphL86WqSxGUVdy8KeIRl3gNw0J/b3lkD4yLxQ=="
    },
    "rc-dialog": {
      "version": "6.5.10",
      "resolved": "https://registry.npmjs.org/rc-dialog/-/rc-dialog-6.5.10.tgz",
      "integrity": "sha1-nuhX0RF6MMj9ZaN/7Z9TE7BGMqM="
    },
    "rc-drawer": {
      "version": "0.4.9",
      "resolved": "https://registry.npmjs.org/rc-drawer/-/rc-drawer-0.4.9.tgz",
      "integrity": "sha1-6QvQExZp75dOGAPKbPPSpyzWNf4="
    },
    "rc-hammerjs": {
      "version": "0.6.8",
      "resolved": "https://registry.npmjs.org/rc-hammerjs/-/rc-hammerjs-0.6.8.tgz",
      "integrity": "sha1-3FD6/zXszpqCKjONWSBqli4Joj0="
    },
    "rc-input-number": {
      "version": "3.6.0",
      "resolved": "https://registry.npmjs.org/rc-input-number/-/rc-input-number-3.6.0.tgz",
      "integrity": "sha1-Beq+3xQCG2XUBwSbnS4ipt+UuCw="
    },
    "rc-notification": {
      "version": "2.0.0",
      "resolved": "https://registry.npmjs.org/rc-notification/-/rc-notification-2.0.0.tgz",
      "integrity": "sha1-NnsJ/8gn+xsAPpmzjVa47a0wE38="
    },
    "rc-slider": {
      "version": "8.1.3",
      "resolved": "https://registry.npmjs.org/rc-slider/-/rc-slider-8.1.3.tgz",
      "integrity": "sha1-eiWThXYNvdfQoXJvB4ykCke5Spc="
    },
    "rc-steps": {
      "version": "2.5.1",
      "resolved": "https://registry.npmjs.org/rc-steps/-/rc-steps-2.5.1.tgz",
      "integrity": "sha1-w5aa6j+5hM7Ll3pKlqtjTXVqbcQ="
    },
    "rc-swipeout": {
      "version": "1.3.6",
      "resolved": "https://registry.npmjs.org/rc-swipeout/-/rc-swipeout-1.3.6.tgz",
      "integrity": "sha1-5fHnA24rFAs9khjjsi77DqzH8lI="
    },
    "rc-table": {
      "version": "5.4.0",
      "resolved": "https://registry.npmjs.org/rc-table/-/rc-table-5.4.0.tgz",
      "integrity": "sha512-hgDUQWa+OX7TMZLeMmhGkke2+U2DxWN726gEZuyX0kLREW7zy8IE0jvl1WkShSVwsHDhxV4rPsL3U0AS392n2w=="
    },
    "rc-tabs": {
      "version": "8.0.0",
      "resolved": "https://registry.npmjs.org/rc-tabs/-/rc-tabs-8.0.0.tgz",
      "integrity": "sha1-JFGee6/UOwRA6cZRoNPvAxK8/Kw="
    },
    "rc-tooltip": {
      "version": "3.4.6",
      "resolved": "https://registry.npmjs.org/rc-tooltip/-/rc-tooltip-3.4.6.tgz",
      "integrity": "sha1-7ZjeKntBLlJ8a9iiqX3d8Lq9LyE="
    },
    "rc-touchable": {
      "version": "1.2.2",
      "resolved": "https://registry.npmjs.org/rc-touchable/-/rc-touchable-1.2.2.tgz",
      "integrity": "sha1-4JNsoAabRVy6co5U1MEMD6E1WP4="
    },
    "rc-trigger": {
      "version": "1.11.2",
      "resolved": "https://registry.npmjs.org/rc-trigger/-/rc-trigger-1.11.2.tgz",
      "integrity": "sha512-ns6eVMvzFc7ZRhRDhAV5RyIxsDUBwjxrEb7njzisvfkwMhRoNkYeN3iwtmIb7DBNE4rsBunsfZIPdKGedKVUJQ=="
    },
    "rc-util": {
      "version": "4.0.4",
      "resolved": "https://registry.npmjs.org/rc-util/-/rc-util-4.0.4.tgz",
      "integrity": "sha1-mYE92Qrufim2STmnCsF26tP0/zk="
    },
    "react-mixin": {
      "version": "3.0.5",
      "resolved": "https://registry.npmjs.org/react-mixin/-/react-mixin-3.0.5.tgz",
      "integrity": "sha1-4Le2cT/cndxCkmffgItqxRhMZwY="
    },
    "react-native-camera-roll-picker": {
      "version": "1.1.9",
      "resolved": "https://registry.npmjs.org/react-native-camera-roll-picker/-/react-native-camera-roll-picker-1.1.9.tgz",
      "integrity": "sha1-mbrTqcEXrXnmcETEIM5GPuGPKdM="
    },
    "react-native-collapsible": {
      "version": "0.8.0",
      "resolved": "https://registry.npmjs.org/react-native-collapsible/-/react-native-collapsible-0.8.0.tgz",
      "integrity": "sha1-Fpr0suWW5F+g3wdpEY6KeNFJFIY="
    },
    "react-native-dismiss-keyboard": {
      "version": "1.0.0",
      "resolved": "https://registry.npmjs.org/react-native-dismiss-keyboard/-/react-native-dismiss-keyboard-1.0.0.tgz",
      "integrity": "sha1-MohiQrPyMX4SHzrrmwpYXiuHm0k="
    },
    "react-native-drawer-layout": {
      "version": "1.3.2",
      "resolved": "https://registry.npmjs.org/react-native-drawer-layout/-/react-native-drawer-layout-1.3.2.tgz",
      "integrity": "sha512-fjO0scqbJUfNu2wuEpvywL7DYLXuCXJ2W/zYhWz986rdLytidbys1QGVvkaszHrb4Y7OqO96mTkgpOcP8KWevw=="
    },
    "react-native-menu": {
      "version": "0.21.0",
      "resolved": "https://registry.npmjs.org/react-native-menu/-/react-native-menu-0.21.0.tgz",
      "integrity": "sha1-68ZHhi64DtAOIok5e/i2NLCbHos="
    },
    "react-native-scrollable-tab-view": {
      "version": "0.7.4",
      "resolved": "https://registry.npmjs.org/react-native-scrollable-tab-view/-/react-native-scrollable-tab-view-0.7.4.tgz",
      "integrity": "sha1-YjoEfL+rNaJ7hokJWvUk6arHS2I="
    },
    "react-native-swipeout": {
      "version": "2.1.2",
      "resolved": "https://registry.npmjs.org/react-native-swipeout/-/react-native-swipeout-2.1.2.tgz",
      "integrity": "sha1-JxAZ098d8pVkp2Nzgl+u6fir79s="
    },
    "react-redux": {
      "version": "5.0.5",
      "resolved": "https://registry.npmjs.org/react-redux/-/react-redux-5.0.5.tgz",
      "integrity": "sha1-+OjHsjlCJXblLWt9sGQ5RpvphGo="
    },
    "react-router": {
      "version": "2.8.1",
      "resolved": "https://registry.npmjs.org/react-router/-/react-router-2.8.1.tgz",
      "integrity": "sha1-c+lJH2zrMW0Pd5gpCBhj43juTtc="
    },
    "react-static-container": {
      "version": "1.0.1",
      "resolved": "https://registry.npmjs.org/react-static-container/-/react-static-container-1.0.1.tgz",
      "integrity": "sha1-aUwN1oqJa4eVGa+1SDmcwZicmrA="
    },
    "react-sticky": {
      "version": "5.0.8",
      "resolved": "https://registry.npmjs.org/react-sticky/-/react-sticky-5.0.8.tgz",
      "integrity": "sha1-1fhflpd/QQCB15KrgYhsYixdixQ="
    },
    "react-timer-mixin": {
      "version": "0.13.3",
      "resolved": "https://registry.npmjs.org/react-timer-mixin/-/react-timer-mixin-0.13.3.tgz",
      "integrity": "sha1-Dai5+AfsB9w+hU0ILHN8ZWBbPSI="
    },
    "react-tween-state": {
      "version": "0.1.5",
      "resolved": "https://registry.npmjs.org/react-tween-state/-/react-tween-state-0.1.5.tgz",
      "integrity": "sha1-6YsGZVHvuTy5LdG+FJlcLj3q4zk="
    },
    "redux": {
      "version": "3.7.1",
      "resolved": "https://registry.npmjs.org/redux/-/redux-3.7.1.tgz",
      "integrity": "sha512-iEVTlORM5mv6xb3ZAOyrVehVUD+W87jdFAX6SYVgZh3/SQAWFSxTRJOqPWQdvo4VN4lJkNDvqKlBXBabsJTSkA=="
    },
    "regenerator-runtime": {
      "version": "0.10.5",
      "resolved": "https://registry.npmjs.org/regenerator-runtime/-/regenerator-runtime-0.10.5.tgz",
      "integrity": "sha1-M2w+/BIgrc7dosn6tntaeVWjNlg="
    },
    "rmc-cascader": {
      "version": "4.2.3",
      "resolved": "https://registry.npmjs.org/rmc-cascader/-/rmc-cascader-4.2.3.tgz",
      "integrity": "sha1-Q4Fd5HWPa7E44Euroa1NYMKtctE="
    },
    "rmc-date-picker": {
      "version": "5.4.0",
      "resolved": "https://registry.npmjs.org/rmc-date-picker/-/rmc-date-picker-5.4.0.tgz",
      "integrity": "sha1-Nm3rkOJoQrS5dqAKoN6br1fBYPY="
    },
    "rmc-list-view": {
      "version": "0.8.3",
      "resolved": "https://registry.npmjs.org/rmc-list-view/-/rmc-list-view-0.8.3.tgz",
      "integrity": "sha1-ZfyF8t6O1pgY4dskzYWH8/cgNMc="
    },
    "rmc-nuka-carousel": {
      "version": "2.2.1",
      "resolved": "https://registry.npmjs.org/rmc-nuka-carousel/-/rmc-nuka-carousel-2.2.1.tgz",
      "integrity": "sha1-xCOBk6KYvhKKLxPstcJv13rQDM0="
    },
    "rmc-picker": {
      "version": "3.10.6",
      "resolved": "https://registry.npmjs.org/rmc-picker/-/rmc-picker-3.10.6.tgz",
      "integrity": "sha1-Mzt/xwBpIcYXZQQZ3C075Kj2bZk="
    },
    "rn-topview": {
      "version": "0.1.3",
      "resolved": "https://registry.npmjs.org/rn-topview/-/rn-topview-0.1.3.tgz",
      "integrity": "sha1-PsgQC2k7ooEanlpa8riT6NxF0Fc="
    },
    "setimmediate": {
      "version": "1.0.5",
      "resolved": "https://registry.npmjs.org/setimmediate/-/setimmediate-1.0.5.tgz",
      "integrity": "sha1-KQy7Iy4waULX1+qbg3Mqt4VvgoU="
    },
    "shallowequal": {
      "version": "0.2.2",
      "resolved": "https://registry.npmjs.org/shallowequal/-/shallowequal-0.2.2.tgz",
      "integrity": "sha1-HjL9W8q2rWiKSBLLDMBO/HXHAU4="
    },
    "smart-mixin": {
      "version": "2.0.0",
      "resolved": "https://registry.npmjs.org/smart-mixin/-/smart-mixin-2.0.0.tgz",
      "integrity": "sha1-o0oQVeMqdbMNK048oyPcmctT9Dc="
    },
    "strict-uri-encode": {
      "version": "1.1.0",
      "resolved": "https://registry.npmjs.org/strict-uri-encode/-/strict-uri-encode-1.1.0.tgz",
      "integrity": "sha1-J5siXfHVgrH1TmWt3UNS4Y+qBxM="
    },
    "symbol-observable": {
      "version": "1.0.4",
      "resolved": "https://registry.npmjs.org/symbol-observable/-/symbol-observable-1.0.4.tgz",
      "integrity": "sha1-Kb9hXUqnEhvdiYsi1LP5vE4qoD0="
    },
    "tween-functions": {
      "version": "1.2.0",
      "resolved": "https://registry.npmjs.org/tween-functions/-/tween-functions-1.2.0.tgz",
      "integrity": "sha1-GuOlDnxguz3vd06scHrLynO7w/8="
    },
    "ua-parser-js": {
      "version": "0.7.13",
      "resolved": "https://registry.npmjs.org/ua-parser-js/-/ua-parser-js-0.7.13.tgz",
      "integrity": "sha1-zZ3S+GSTs/RNvu7zeA/adMXuFL4="
    },
    "warning": {
      "version": "3.0.0",
      "resolved": "https://registry.npmjs.org/warning/-/warning-3.0.0.tgz",
      "integrity": "sha1-MuU3fLVy3kqwR1O9+IIcAe1gW3w="
    },
    "whatwg-fetch": {
      "version": "2.0.3",
      "resolved": "https://registry.npmjs.org/whatwg-fetch/-/whatwg-fetch-2.0.3.tgz",
      "integrity": "sha1-nITsLc9oGH/wC8ZOEnS0QhduHIQ="
    },
    "zscroller": {
      "version": "0.3.0",
      "resolved": "https://registry.npmjs.org/zscroller/-/zscroller-0.3.0.tgz",
      "integrity": "sha1-3Zk+cOXjlN3wS24SFeDF2BkNSLA="
    }
  }
}
